
Microsoft Visual Studio Solution File, Format Version 12.00
# Visual Studio Version 16
VisualStudioVersion = 16.0.28407.52
MinimumVisualStudioVersion = 10.0.40219.1
Project("{2150E333-8FDC-42A3-9474-1A3956D46DE8}") = "Web", "Web", "{95D36BAA-FBC2-47AE-B45A-742D06BE177B}"
EndProject
Project("{9A19103F-16F7-4668-BE54-9A1E7A4F7556}") = "LunchDutyFunction", "Web\LunchDutyFunction\LunchDutyFunction.csproj", "{339F877E-5CDB-4341-8147-DBB18A8A09C6}"
EndProject
Global
	GlobalSection(SolutionConfigurationPlatforms) = preSolution
		Debug|Any CPU = Debug|Any CPU
		Release|Any CPU = Release|Any CPU
	EndGlobalSection
	GlobalSection(ProjectConfigurationPlatforms) = postSolution
		{339F877E-5CDB-4341-8147-DBB18A8A09C6}.Debug|Any CPU.ActiveCfg = Debug|Any CPU
		{339F877E-5CDB-4341-8147-DBB18A8A09C6}.Debug|Any CPU.Build.0 = Debug|Any CPU
		{339F877E-5CDB-4341-8147-DBB18A8A09C6}.Release|Any CPU.ActiveCfg = Release|Any CPU
		{339F877E-5CDB-4341-8147-DBB18A8A09C6}.Release|Any CPU.Build.0 = Release|Any CPU
	EndGlobalSection
	GlobalSection(SolutionProperties) = preSolution
		HideSolutionNode = FALSE
	EndGlobalSection
	GlobalSection(NestedProjects) = preSolution
		{339F877E-5CDB-4341-8147-DBB18A8A09C6} = {95D36BAA-FBC2-47AE-B45A-742D06BE177B}
	EndGlobalSection
	GlobalSection(ExtensibilityGlobals) = postSolution
		SolutionGuid = {6BCA4C3A-97C0-40A9-B084-32B3DAD3CB80}
	EndGlobalSection
EndGlobal
